
Microsoft Visual Studio Solution File, Format Version 12.00
# Visual Studio 14
VisualStudioVersion = 14.0.25420.1
MinimumVisualStudioVersion = 10.0.40219.1
Project("{FAE04EC0-301F-11D3-BF4B-00C04F79EFBC}") = "AbstractFactory", "DesignPatterns\AbstractFactory.csproj", "{427F8715-4AFB-4085-B2FD-53F68AD88FD2}"
EndProject
Project("{FAE04EC0-301F-11D3-BF4B-00C04F79EFBC}") = "Builder", "Builder\Builder.csproj", "{9714E424-D448-4340-A49A-09B060762C00}"
EndProject
Project("{FAE04EC0-301F-11D3-BF4B-00C04F79EFBC}") = "FactoryMethod", "FactoryMethod\FactoryMethod.csproj", "{0FF57CCE-CA47-4426-AB55-4838DCBF1DB0}"
EndProject
Project("{FAE04EC0-301F-11D3-BF4B-00C04F79EFBC}") = "Prototype", "Prototype\Prototype.csproj", "{496F19B7-B7DF-4466-9BA2-FEAD92F7B8A5}"
EndProject
Project("{FAE04EC0-301F-11D3-BF4B-00C04F79EFBC}") = "Sigleton", "Sigleton\Sigleton.csproj", "{9A60492B-98A3-4B1C-86AC-ED8531976572}"
EndProject
Project("{FAE04EC0-301F-11D3-BF4B-00C04F79EFBC}") = "Adapter", "Adapter\Adapter.csproj", "{AD5D0BB7-FBFF-438E-87DA-7F91EC9FFDFD}"
EndProject
Project("{FAE04EC0-301F-11D3-BF4B-00C04F79EFBC}") = "Bridge", "Bridge\Bridge.csproj", "{878EB12B-3C53-43E1-9BCE-135AC5D59A38}"
EndProject
Project("{2150E333-8FDC-42A3-9474-1A3956D46DE8}") = "Creational", "Creational", "{E6E34897-F3E2-4155-84C8-59CA72B90E71}"
EndProject
Project("{2150E333-8FDC-42A3-9474-1A3956D46DE8}") = "Structural", "Structural", "{0F865827-6F62-43FB-8F37-49DE73292A88}"
EndProject
Project("{FAE04EC0-301F-11D3-BF4B-00C04F79EFBC}") = "Composit", "Composit\Composit.csproj", "{E7817A25-9DB5-4CA8-867B-71EA7EC9122E}"
EndProject
Project("{FAE04EC0-301F-11D3-BF4B-00C04F79EFBC}") = "Decorator", "Decorator\Decorator.csproj", "{38508AD8-9D7E-4E03-B5DB-A7FFCA780E07}"
EndProject
Global
	GlobalSection(SolutionConfigurationPlatforms) = preSolution
		Debug|Any CPU = Debug|Any CPU
		Release|Any CPU = Release|Any CPU
	EndGlobalSection
	GlobalSection(ProjectConfigurationPlatforms) = postSolution
		{427F8715-4AFB-4085-B2FD-53F68AD88FD2}.Debug|Any CPU.ActiveCfg = Debug|Any CPU
		{427F8715-4AFB-4085-B2FD-53F68AD88FD2}.Debug|Any CPU.Build.0 = Debug|Any CPU
		{427F8715-4AFB-4085-B2FD-53F68AD88FD2}.Release|Any CPU.ActiveCfg = Release|Any CPU
		{427F8715-4AFB-4085-B2FD-53F68AD88FD2}.Release|Any CPU.Build.0 = Release|Any CPU
		{9714E424-D448-4340-A49A-09B060762C00}.Debug|Any CPU.ActiveCfg = Debug|Any CPU
		{9714E424-D448-4340-A49A-09B060762C00}.Debug|Any CPU.Build.0 = Debug|Any CPU
		{9714E424-D448-4340-A49A-09B060762C00}.Release|Any CPU.ActiveCfg = Release|Any CPU
		{9714E424-D448-4340-A49A-09B060762C00}.Release|Any CPU.Build.0 = Release|Any CPU
		{0FF57CCE-CA47-4426-AB55-4838DCBF1DB0}.Debug|Any CPU.ActiveCfg = Debug|Any CPU
		{0FF57CCE-CA47-4426-AB55-4838DCBF1DB0}.Debug|Any CPU.Build.0 = Debug|Any CPU
		{0FF57CCE-CA47-4426-AB55-4838DCBF1DB0}.Release|Any CPU.ActiveCfg = Release|Any CPU
		{0FF57CCE-CA47-4426-AB55-4838DCBF1DB0}.Release|Any CPU.Build.0 = Release|Any CPU
		{496F19B7-B7DF-4466-9BA2-FEAD92F7B8A5}.Debug|Any CPU.ActiveCfg = Debug|Any CPU
		{496F19B7-B7DF-4466-9BA2-FEAD92F7B8A5}.Debug|Any CPU.Build.0 = Debug|Any CPU
		{496F19B7-B7DF-4466-9BA2-FEAD92F7B8A5}.Release|Any CPU.ActiveCfg = Release|Any CPU
		{496F19B7-B7DF-4466-9BA2-FEAD92F7B8A5}.Release|Any CPU.Build.0 = Release|Any CPU
		{9A60492B-98A3-4B1C-86AC-ED8531976572}.Debug|Any CPU.ActiveCfg = Debug|Any CPU
		{9A60492B-98A3-4B1C-86AC-ED8531976572}.Debug|Any CPU.Build.0 = Debug|Any CPU
		{9A60492B-98A3-4B1C-86AC-ED8531976572}.Release|Any CPU.ActiveCfg = Release|Any CPU
		{9A60492B-98A3-4B1C-86AC-ED8531976572}.Release|Any CPU.Build.0 = Release|Any CPU
		{AD5D0BB7-FBFF-438E-87DA-7F91EC9FFDFD}.Debug|Any CPU.ActiveCfg = Debug|Any CPU
		{AD5D0BB7-FBFF-438E-87DA-7F91EC9FFDFD}.Debug|Any CPU.Build.0 = Debug|Any CPU
		{AD5D0BB7-FBFF-438E-87DA-7F91EC9FFDFD}.Release|Any CPU.ActiveCfg = Release|Any CPU
		{AD5D0BB7-FBFF-438E-87DA-7F91EC9FFDFD}.Release|Any CPU.Build.0 = Release|Any CPU
		{878EB12B-3C53-43E1-9BCE-135AC5D59A38}.Debug|Any CPU.ActiveCfg = Debug|Any CPU
		{878EB12B-3C53-43E1-9BCE-135AC5D59A38}.Debug|Any CPU.Build.0 = Debug|Any CPU
		{878EB12B-3C53-43E1-9BCE-135AC5D59A38}.Release|Any CPU.ActiveCfg = Release|Any CPU
		{878EB12B-3C53-43E1-9BCE-135AC5D59A38}.Release|Any CPU.Build.0 = Release|Any CPU
		{E7817A25-9DB5-4CA8-867B-71EA7EC9122E}.Debug|Any CPU.ActiveCfg = Debug|Any CPU
		{E7817A25-9DB5-4CA8-867B-71EA7EC9122E}.Debug|Any CPU.Build.0 = Debug|Any CPU
		{E7817A25-9DB5-4CA8-867B-71EA7EC9122E}.Release|Any CPU.ActiveCfg = Release|Any CPU
		{E7817A25-9DB5-4CA8-867B-71EA7EC9122E}.Release|Any CPU.Build.0 = Release|Any CPU
		{38508AD8-9D7E-4E03-B5DB-A7FFCA780E07}.Debug|Any CPU.ActiveCfg = Debug|Any CPU
		{38508AD8-9D7E-4E03-B5DB-A7FFCA780E07}.Debug|Any CPU.Build.0 = Debug|Any CPU
		{38508AD8-9D7E-4E03-B5DB-A7FFCA780E07}.Release|Any CPU.ActiveCfg = Release|Any CPU
		{38508AD8-9D7E-4E03-B5DB-A7FFCA780E07}.Release|Any CPU.Build.0 = Release|Any CPU
	EndGlobalSection
	GlobalSection(SolutionProperties) = preSolution
		HideSolutionNode = FALSE
	EndGlobalSection
	GlobalSection(NestedProjects) = preSolution
		{427F8715-4AFB-4085-B2FD-53F68AD88FD2} = {E6E34897-F3E2-4155-84C8-59CA72B90E71}
		{9714E424-D448-4340-A49A-09B060762C00} = {E6E34897-F3E2-4155-84C8-59CA72B90E71}
		{0FF57CCE-CA47-4426-AB55-4838DCBF1DB0} = {E6E34897-F3E2-4155-84C8-59CA72B90E71}
		{496F19B7-B7DF-4466-9BA2-FEAD92F7B8A5} = {E6E34897-F3E2-4155-84C8-59CA72B90E71}
		{9A60492B-98A3-4B1C-86AC-ED8531976572} = {E6E34897-F3E2-4155-84C8-59CA72B90E71}
		{AD5D0BB7-FBFF-438E-87DA-7F91EC9FFDFD} = {0F865827-6F62-43FB-8F37-49DE73292A88}
		{878EB12B-3C53-43E1-9BCE-135AC5D59A38} = {0F865827-6F62-43FB-8F37-49DE73292A88}
		{E7817A25-9DB5-4CA8-867B-71EA7EC9122E} = {0F865827-6F62-43FB-8F37-49DE73292A88}
		{38508AD8-9D7E-4E03-B5DB-A7FFCA780E07} = {0F865827-6F62-43FB-8F37-49DE73292A88}
	EndGlobalSection
EndGlobal
